<?xml version="1.0" encoding="utf-8"?>
<Project ToolsVersion="4.0" xmlns="http://schemas.microsoft.com/developer/msbuild/2003">
  <ItemGroup>
    <Filter Include="Source Files">
      <UniqueIdentifier>{4FC737F1-C7A5-4376-A066-2A32D752A2FF}</UniqueIdentifier>
      <Extensions>cpp;c;cc;cxx;c++;cppm;ixx;def;odl;idl;hpj;bat;asm;asmx</Extensions>
    </Filter>
    <Filter Include="Header Files">
      <UniqueIdentifier>{93995380-89BD-4b04-88EB-625FBE52EBFB}</UniqueIdentifier>
      <Extensions>h;hh;hpp;hxx;h++;hm;inl;inc;ipp;xsd</Extensions>
    </Filter>
    <Filter Include="Resource Files">
      <UniqueIdentifier>{67DA6AB6-F800-4c08-8B7A-83BB121AAD01}</UniqueIdentifier>
      <Extensions>rc;ico;cur;bmp;dlg;rc2;rct;bin;rgs;gif;jpg;jpeg;jpe;resx;tiff;tif;png;wav;mfcribbon-ms</Extensions>
    </Filter>
    <Filter Include="Header Files\Core">
      <UniqueIdentifier>{84d39270-5aaa-4f9f-ae5e-8e5b334d4950}</UniqueIdentifier>
    </Filter>
    <Filter Include="Header Files\Liparay">
      <UniqueIdentifier>{f1b6901c-13d3-4f85-9c9d-12391303f387}</UniqueIdentifier>
    </Filter>
    <Filter Include="Header Files\Screens">
      <UniqueIdentifier>{ff7342f6-7300-4ee4-a75d-9c6db7b7b226}</UniqueIdentifier>
    </Filter>
    <Filter Include="Header Files\Screens\Client">
      <UniqueIdentifier>{314be318-0433-46c6-ad4e-6d67b5623c82}</UniqueIdentifier>
    </Filter>
    <Filter Include="Header Files\Screens\User">
      <UniqueIdentifier>{f4f16340-c5ea-45a4-9666-2ac82b95b261}</UniqueIdentifier>
    </Filter>
    <Filter Include="Header Files\Screens\Transactions">
      <UniqueIdentifier>{e283b8a7-7be2-43ef-b4d2-fd167968b5f2}</UniqueIdentifier>
    </Filter>
    <Filter Include="Header Files\Screens\Currency">
      <UniqueIdentifier>{2f115c45-5667-4208-be6f-12bdf8aca0e3}</UniqueIdentifier>
    </Filter>
    <Filter Include="Header Files\Screens\LogIn">
      <UniqueIdentifier>{72e4fca8-dec2-49c0-bee8-49785ff23751}</UniqueIdentifier>
    </Filter>
  </ItemGroup>
  <ItemGroup>
    <ClCompile Include="Bank_Systeam.cpp">
      <Filter>Source Files</Filter>
    </ClCompile>
  </ItemGroup>
  <ItemGroup>
    <ClInclude Include="Global.h">
      <Filter>Header Files</Filter>
    </ClInclude>
    <ClInclude Include="resource.h">
      <Filter>Header Files</Filter>
    </ClInclude>
    <ClInclude Include="clsCurrency.h">
      <Filter>Header Files\Core</Filter>
    </ClInclude>
    <ClInclude Include="clsBankClient.h">
      <Filter>Header Files\Core</Filter>
    </ClInclude>
    <ClInclude Include="clsUser.h">
      <Filter>Header Files\Core</Filter>
    </ClInclude>
    <ClInclude Include="clsPerson.h">
      <Filter>Header Files\Core</Filter>
    </ClInclude>
    <ClInclude Include="clsDate.h">
      <Filter>Header Files\Liparay</Filter>
    </ClInclude>
    <ClInclude Include="clsInputValidate.h">
      <Filter>Header Files\Liparay</Filter>
    </ClInclude>
    <ClInclude Include="clsUtil.h">
      <Filter>Header Files\Liparay</Filter>
    </ClInclude>
    <ClInclude Include="clsString.h">
      <Filter>Header Files\Liparay</Filter>
    </ClInclude>
    <ClInclude Include="clsAddNewClientScreen.h">
      <Filter>Header Files\Screens\Client</Filter>
    </ClInclude>
    <ClInclude Include="clsClientListScreen.h">
      <Filter>Header Files\Screens\Client</Filter>
    </ClInclude>
    <ClInclude Include="clsDeleteClientScreen.h">
      <Filter>Header Files\Screens\Client</Filter>
    </ClInclude>
    <ClInclude Include="clsFindClientScreen.h">
      <Filter>Header Files\Screens\Client</Filter>
    </ClInclude>
    <ClInclude Include="clsUpdateClientScreen.h">
      <Filter>Header Files\Screens\Client</Filter>
    </ClInclude>
    <ClInclude Include="clsAddNewUserScreen.h">
      <Filter>Header Files\Screens\User</Filter>
    </ClInclude>
    <ClInclude Include="clsDeleteUserScreen.h">
      <Filter>Header Files\Screens\User</Filter>
    </ClInclude>
    <ClInclude Include="clsFindUserScreen.h">
      <Filter>Header Files\Screens\User</Filter>
    </ClInclude>
    <ClInclude Include="clsListUsersScreen.h">
      <Filter>Header Files\Screens\User</Filter>
    </ClInclude>
    <ClInclude Include="clsManageUsersScreen.h">
      <Filter>Header Files\Screens\User</Filter>
    </ClInclude>
    <ClInclude Include="clsUpdateUserScreen.h">
      <Filter>Header Files\Screens\User</Filter>
    </ClInclude>
    <ClInclude Include="clsDepositScreen.h">
      <Filter>Header Files\Screens\Transactions</Filter>
    </ClInclude>
    <ClInclude Include="clsTransactionsScreen.h">
      <Filter>Header Files\Screens\Transactions</Filter>
    </ClInclude>
    <ClInclude Include="clsTransferLogScreen.h">
      <Filter>Header Files\Screens\Transactions</Filter>
    </ClInclude>
    <ClInclude Include="clsTransferScreen.h">
      <Filter>Header Files\Screens\Transactions</Filter>
    </ClInclude>
    <ClInclude Include="clsWithdrawScreen.h">
      <Filter>Header Files\Screens\Transactions</Filter>
    </ClInclude>
    <ClInclude Include="clsTotalBalancesScreen.h">
      <Filter>Header Files\Screens\Transactions</Filter>
    </ClInclude>
    <ClInclude Include="clsCurrenciesListScreen.h">
      <Filter>Header Files\Screens\Currency</Filter>
    </ClInclude>
    <ClInclude Include="clsCurrencyCalculatorScreen.h">
      <Filter>Header Files\Screens\Currency</Filter>
    </ClInclude>
    <ClInclude Include="clsCurrencyExchangeMainScreen.h">
      <Filter>Header Files\Screens\Currency</Filter>
    </ClInclude>
    <ClInclude Include="clsFindCurrencyScreen.h">
      <Filter>Header Files\Screens\Currency</Filter>
    </ClInclude>
    <ClInclude Include="clsUpdateCurrencyRateScreen.h">
      <Filter>Header Files\Screens\Currency</Filter>
    </ClInclude>
    <ClInclude Include="clsLoginRegisterScreen.h">
      <Filter>Header Files\Screens\LogIn</Filter>
    </ClInclude>
    <ClInclude Include="clsLoginScreen.h">
      <Filter>Header Files\Screens\LogIn</Filter>
    </ClInclude>
    <ClInclude Include="clsMainScreen.h">
      <Filter>Header Files\Screens</Filter>
    </ClInclude>
    <ClInclude Include="clsScreen.h">
      <Filter>Header Files\Screens</Filter>
    </ClInclude>
  </ItemGroup>
  <ItemGroup>
    <ResourceCompile Include="Bank_Systeam.rc">
      <Filter>Resource Files</Filter>
    </ResourceCompile>
  </ItemGroup>
</Project>